<?xml version="1.0" encoding="utf-8"?>
<Project ToolsVersion="4.0" xmlns="http://schemas.microsoft.com/developer/msbuild/2003">
  <ItemGroup>
    <Filter Include="Utility">
      <UniqueIdentifier>{e485ea11-6456-45a2-ae86-77c3c1f86ad1}</UniqueIdentifier>
    </Filter>
    <Filter Include="Utility\Base">
      <UniqueIdentifier>{15c039a6-c784-4c32-9e33-eaa0d14d8ddd}</UniqueIdentifier>
    </Filter>
    <Filter Include="Utility\Base\GraphicDevice">
      <UniqueIdentifier>{d17ba8ae-9e37-4640-ae3d-236b8cdbff3f}</UniqueIdentifier>
    </Filter>
    <Filter Include="Utility\File">
      <UniqueIdentifier>{f1f856c8-073b-4d30-b6d0-1c0bbc983aed}</UniqueIdentifier>
    </Filter>
    <Filter Include="Utility\File\CSVReader">
      <UniqueIdentifier>{4f67666e-6932-43db-b245-612ded115d1f}</UniqueIdentifier>
    </Filter>
    <Filter Include="Utility\File\FileReader">
      <UniqueIdentifier>{3e23d2a9-11a4-4af6-bedc-e079b9bf7647}</UniqueIdentifier>
    </Filter>
    <Filter Include="Utility\Timer">
      <UniqueIdentifier>{4c181671-c87a-4a6e-99ce-55377b186e2a}</UniqueIdentifier>
    </Filter>
    <Filter Include="Utility\Timer\Manager">
      <UniqueIdentifier>{bf336396-f34a-4129-8969-8c7aa0462692}</UniqueIdentifier>
    </Filter>
    <Filter Include="Utility\Picking">
      <UniqueIdentifier>{25f67e78-280a-4fda-9583-5bdb1e68c112}</UniqueIdentifier>
    </Filter>
    <Filter Include="Utility\Picking\Manager">
      <UniqueIdentifier>{48cf744d-694e-4fc0-bd51-9ba9a41e678e}</UniqueIdentifier>
    </Filter>
    <Filter Include="Utility\Sound">
      <UniqueIdentifier>{bc11e5e6-c021-4803-a6bf-759d2cc384e2}</UniqueIdentifier>
    </Filter>
    <Filter Include="Utility\FMath">
      <UniqueIdentifier>{19bbbdf7-30b4-43ec-9d20-83952352c64c}</UniqueIdentifier>
    </Filter>
    <Filter Include="Utility\KeyInput">
      <UniqueIdentifier>{bf857751-b10d-4aca-afac-fbadb76e2fd6}</UniqueIdentifier>
    </Filter>
  </ItemGroup>
  <ItemGroup>
    <ClInclude Include="..\Public\Base.h">
      <Filter>Utility\Base</Filter>
    </ClInclude>
    <ClInclude Include="..\Public\Graphic_Device.h">
      <Filter>Utility\Base\GraphicDevice</Filter>
    </ClInclude>
    <ClInclude Include="..\Public\File.h">
      <Filter>Utility\File</Filter>
    </ClInclude>
    <ClInclude Include="..\Public\CSVReader.h">
      <Filter>Utility\File\CSVReader</Filter>
    </ClInclude>
    <ClInclude Include="..\Public\FileReader.h">
      <Filter>Utility\File\FileReader</Filter>
    </ClInclude>
    <ClInclude Include="..\Public\Timer.h">
      <Filter>Utility\Timer</Filter>
    </ClInclude>
    <ClInclude Include="..\Public\Timer_Manager.h">
      <Filter>Utility\Timer\Manager</Filter>
    </ClInclude>
    <ClInclude Include="..\Public\Picking.h">
      <Filter>Utility\Picking</Filter>
    </ClInclude>
    <ClInclude Include="..\public\MouseManager.h">
      <Filter>Utility\Picking\Manager</Filter>
    </ClInclude>
    <ClInclude Include="..\Public\SoundManager.h">
      <Filter>Utility\Sound</Filter>
    </ClInclude>
    <ClInclude Include="..\Public\CMath.h">
      <Filter>Utility\FMath</Filter>
    </ClInclude>
    <ClInclude Include="..\public\KeyManager.h">
      <Filter>Utility\KeyInput</Filter>
    </ClInclude>
    <ClInclude Include="..\Public\CUtility.h" />
  </ItemGroup>
  <ItemGroup>
    <ClCompile Include="..\Private\Base.cpp">
      <Filter>Utility\Base</Filter>
    </ClCompile>
    <ClCompile Include="..\Private\Graphic_Device.cpp">
      <Filter>Utility\Base\GraphicDevice</Filter>
    </ClCompile>
    <ClCompile Include="..\Private\File.cpp">
      <Filter>Utility\File</Filter>
    </ClCompile>
    <ClCompile Include="..\Private\CSVReader.cpp">
      <Filter>Utility\File\CSVReader</Filter>
    </ClCompile>
    <ClCompile Include="..\Private\FileReader.cpp">
      <Filter>Utility\File\FileReader</Filter>
    </ClCompile>
    <ClCompile Include="..\Private\Timer_Manager.cpp">
      <Filter>Utility\Timer\Manager</Filter>
    </ClCompile>
    <ClCompile Include="..\Private\Timer.cpp">
      <Filter>Utility\Timer</Filter>
    </ClCompile>
    <ClCompile Include="..\Private\Picking.cpp">
      <Filter>Utility\Picking</Filter>
    </ClCompile>
    <ClCompile Include="..\private\MouseManager.cpp">
      <Filter>Utility\Picking\Manager</Filter>
    </ClCompile>
    <ClCompile Include="..\Private\SoundManager.cpp">
      <Filter>Utility\Sound</Filter>
    </ClCompile>
    <ClCompile Include="..\Private\CMath.cpp">
      <Filter>Utility\FMath</Filter>
    </ClCompile>
    <ClCompile Include="..\private\KeyManager.cpp">
      <Filter>Utility\KeyInput</Filter>
    </ClCompile>
    <ClCompile Include="..\Private\CUtility.cpp" />
  </ItemGroup>
</Project>