<?xml version="1.0" encoding="utf-8"?>
<Project ToolsVersion="4.0" xmlns="http://schemas.microsoft.com/developer/msbuild/2003">
  <ItemGroup>
    <Filter Include="100. ETC">
      <UniqueIdentifier>{090f7798-85ab-4628-957b-ba04c2f15bd3}</UniqueIdentifier>
    </Filter>
    <Filter Include="Client">
      <UniqueIdentifier>{5d9bffba-4767-43a2-9d2a-666ba4951494}</UniqueIdentifier>
    </Filter>
    <Filter Include="100. ETC\리소스 파일">
      <UniqueIdentifier>{67DA6AB6-F800-4c08-8B7A-83BB121AAD01}</UniqueIdentifier>
      <Extensions>rc;ico;cur;bmp;dlg;rc2;rct;bin;rgs;gif;jpg;jpeg;jpe;resx;tiff;tif;png;wav;mfcribbon-ms</Extensions>
    </Filter>
    <Filter Include="김찬빈">
      <UniqueIdentifier>{f4d7a341-6c32-4a33-8a22-3f1a42217916}</UniqueIdentifier>
    </Filter>
    <Filter Include="대진호">
      <UniqueIdentifier>{17653d97-5d66-47f6-958a-78e67ddb5e0e}</UniqueIdentifier>
    </Filter>
    <Filter Include="김정환">
      <UniqueIdentifier>{9970507a-9b11-445c-8d8d-a3c05ea75e46}</UniqueIdentifier>
    </Filter>
    <Filter Include="00. MainApp">
      <UniqueIdentifier>{9db5581e-d037-4a18-bd9e-9672d736dc22}</UniqueIdentifier>
    </Filter>
    <Filter Include="01. Levels">
      <UniqueIdentifier>{a95722f7-64c4-4663-9ed4-2adbea5ad296}</UniqueIdentifier>
    </Filter>
    <Filter Include="02. Objects">
      <UniqueIdentifier>{8a6484ab-e76d-43dc-96b0-eb6937b63297}</UniqueIdentifier>
    </Filter>
    <Filter Include="03. Character">
      <UniqueIdentifier>{bddb2710-2797-4c13-a62d-4650acad91f8}</UniqueIdentifier>
    </Filter>
    <Filter Include="03. Character\Player">
      <UniqueIdentifier>{1170e9ea-878e-4de6-bdd6-7183a965d6f1}</UniqueIdentifier>
    </Filter>
    <Filter Include="03. Character\Monster">
      <UniqueIdentifier>{df09dfb8-6888-4dd2-ac88-e6c38dd12d57}</UniqueIdentifier>
    </Filter>
    <Filter Include="02. Objects\Camera">
      <UniqueIdentifier>{c301c17a-5fbb-42f3-9a5a-ae9744e14932}</UniqueIdentifier>
    </Filter>
    <Filter Include="02. Objects\Terrain">
      <UniqueIdentifier>{33b6f382-ff48-471b-a0cb-7e8b4896faae}</UniqueIdentifier>
    </Filter>
    <Filter Include="Defines">
      <UniqueIdentifier>{1f8012ce-d8c4-4637-aff0-f7a23a1f1384}</UniqueIdentifier>
    </Filter>
    <Filter Include="101. IMGUI">
      <UniqueIdentifier>{8fe4e1ba-5f96-4d5b-8b4a-ded856d27a8d}</UniqueIdentifier>
    </Filter>
    <Filter Include="101. IMGUI\Headers">
      <UniqueIdentifier>{08b2925c-117c-4eec-9d3d-b526e6ba3cef}</UniqueIdentifier>
    </Filter>
    <Filter Include="101. IMGUI\Codes">
      <UniqueIdentifier>{38b87f20-aa74-4c48-b69b-7a0e0043511b}</UniqueIdentifier>
    </Filter>
    <Filter Include="01. Levels\GamePlay">
      <UniqueIdentifier>{ad8f183d-1685-4ee5-9e4b-dcba9b55bd5e}</UniqueIdentifier>
    </Filter>
    <Filter Include="01. Levels\Logo">
      <UniqueIdentifier>{370d45c1-8b46-4ead-8094-6e64217cac61}</UniqueIdentifier>
    </Filter>
    <Filter Include="01. Levels\Loading">
      <UniqueIdentifier>{b3cb9c2f-b862-4b43-b133-9bcfa15823a3}</UniqueIdentifier>
    </Filter>
    <Filter Include="01. Levels\Loading\Loader">
      <UniqueIdentifier>{8d9395b2-0b1d-49ac-b2ac-7652af3ad955}</UniqueIdentifier>
    </Filter>
    <Filter Include="04. GmaeUI">
      <UniqueIdentifier>{5f9a4df8-0cb4-4bf0-a60c-4b5f211a3e0f}</UniqueIdentifier>
    </Filter>
    <Filter Include="04. GmaeUI\TestUI">
      <UniqueIdentifier>{5e6c0472-2ae7-4571-a8c4-73bd9ec1fcc4}</UniqueIdentifier>
    </Filter>
    <Filter Include="04. GmaeUI\TestUI\UIAnimtaion">
      <UniqueIdentifier>{a0e117ae-e8ae-4b19-8877-5968c6b5d264}</UniqueIdentifier>
    </Filter>
  </ItemGroup>
  <ItemGroup>
    <ClInclude Include="framework.h">
      <Filter>100. ETC</Filter>
    </ClInclude>
    <ClInclude Include="Resource.h">
      <Filter>100. ETC</Filter>
    </ClInclude>
    <ClInclude Include="targetver.h">
      <Filter>100. ETC</Filter>
    </ClInclude>
    <ClInclude Include="Client.h">
      <Filter>Client</Filter>
    </ClInclude>
    <ClInclude Include="..\Public\MainApp.h">
      <Filter>00. MainApp</Filter>
    </ClInclude>
    <ClInclude Include="..\Public\Loader.h">
      <Filter>01. Levels\Loading\Loader</Filter>
    </ClInclude>
    <ClInclude Include="..\Public\Player.h">
      <Filter>03. Character\Player</Filter>
    </ClInclude>
    <ClInclude Include="..\Public\Monster.h">
      <Filter>03. Character\Monster</Filter>
    </ClInclude>
    <ClInclude Include="..\Public\Camera.h">
      <Filter>02. Objects\Camera</Filter>
    </ClInclude>
    <ClInclude Include="..\Public\Terrain.h">
      <Filter>02. Objects\Terrain</Filter>
    </ClInclude>
    <ClInclude Include="..\Public\Client_Defines.h">
      <Filter>Defines</Filter>
    </ClInclude>
    <ClInclude Include="..\Public\IMGUI\imconfig.h">
      <Filter>101. IMGUI\Headers</Filter>
    </ClInclude>
    <ClInclude Include="..\Public\IMGUI\imgui.h">
      <Filter>101. IMGUI\Headers</Filter>
    </ClInclude>
    <ClInclude Include="..\Public\IMGUI\imgui_impl_dx9.h">
      <Filter>101. IMGUI\Headers</Filter>
    </ClInclude>
    <ClInclude Include="..\Public\IMGUI\imgui_impl_win32.h">
      <Filter>101. IMGUI\Headers</Filter>
    </ClInclude>
    <ClInclude Include="..\Public\IMGUI\imgui_internal.h">
      <Filter>101. IMGUI\Headers</Filter>
    </ClInclude>
    <ClInclude Include="..\Public\IMGUI\imstb_rectpack.h">
      <Filter>101. IMGUI\Headers</Filter>
    </ClInclude>
    <ClInclude Include="..\Public\IMGUI\imstb_textedit.h">
      <Filter>101. IMGUI\Headers</Filter>
    </ClInclude>
    <ClInclude Include="..\Public\IMGUI\imstb_truetype.h">
      <Filter>101. IMGUI\Headers</Filter>
    </ClInclude>
    <ClInclude Include="..\Public\Level_GamePlay.h">
      <Filter>01. Levels\GamePlay</Filter>
    </ClInclude>
    <ClInclude Include="..\Public\Level_Logo.h">
      <Filter>01. Levels\Logo</Filter>
    </ClInclude>
    <ClInclude Include="..\Public\Level_Loading.h">
      <Filter>01. Levels\Loading</Filter>
    </ClInclude>
    <ClInclude Include="..\public\AnimationUI.h">
      <Filter>04. GmaeUI\TestUI</Filter>
    </ClInclude>
    <ClInclude Include="..\public\UI_MoveAnim.h">
      <Filter>04. GmaeUI\TestUI\UIAnimtaion</Filter>
    </ClInclude>
    <ClInclude Include="..\public\Slot.h">
      <Filter>대진호</Filter>
    </ClInclude>
    <ClInclude Include="..\public\Inventory.h">
      <Filter>대진호</Filter>
    </ClInclude>
    <ClInclude Include="..\public\SlotFrame.h">
      <Filter>대진호</Filter>
    </ClInclude>
    <ClInclude Include="..\public\Mouse.h">
      <Filter>대진호</Filter>
    </ClInclude>
    <ClInclude Include="..\public\CraftingUI.h">
      <Filter>대진호</Filter>
    </ClInclude>
    <ClInclude Include="..\public\Hunger.h">
      <Filter>대진호</Filter>
    </ClInclude>
    <ClInclude Include="..\public\Item.h">
      <Filter>대진호</Filter>
    </ClInclude>
    <ClInclude Include="..\public\Health.h">
      <Filter>대진호</Filter>
    </ClInclude>
    <ClInclude Include="..\public\Sanity.h">
      <Filter>대진호</Filter>
    </ClInclude>
    <ClInclude Include="..\public\HeadUpDisplay.h">
      <Filter>대진호</Filter>
    </ClInclude>
    <ClInclude Include="..\public\Button.h">
      <Filter>대진호</Filter>
    </ClInclude>
    <ClInclude Include="..\Public\Crafting_Button.h">
      <Filter>대진호</Filter>
    </ClInclude>
    <ClInclude Include="..\public\Camera_Button.h">
      <Filter>대진호</Filter>
    </ClInclude>
    <ClInclude Include="..\public\MiniMap_Button.h">
      <Filter>대진호</Filter>
    </ClInclude>
    <ClInclude Include="..\Public\QuickSlot_Button.h">
      <Filter>대진호</Filter>
    </ClInclude>
    <ClInclude Include="..\public\Clock.h">
      <Filter>대진호</Filter>
    </ClInclude>
    <ClInclude Include="..\public\Item_Info.h" />
  </ItemGroup>
  <ItemGroup>
    <ResourceCompile Include="Client.rc">
      <Filter>100. ETC\리소스 파일</Filter>
    </ResourceCompile>
  </ItemGroup>
  <ItemGroup>
    <Image Include="small.ico">
      <Filter>100. ETC\리소스 파일</Filter>
    </Image>
    <Image Include="Client.ico">
      <Filter>100. ETC\리소스 파일</Filter>
    </Image>
  </ItemGroup>
  <ItemGroup>
    <ClCompile Include="Client.cpp">
      <Filter>Client</Filter>
    </ClCompile>
    <ClCompile Include="..\Private\MainApp.cpp">
      <Filter>00. MainApp</Filter>
    </ClCompile>
    <ClCompile Include="..\Private\Loader.cpp">
      <Filter>01. Levels\Loading\Loader</Filter>
    </ClCompile>
    <ClCompile Include="..\Private\Player.cpp">
      <Filter>03. Character\Player</Filter>
    </ClCompile>
    <ClCompile Include="..\Private\Monster.cpp">
      <Filter>03. Character\Monster</Filter>
    </ClCompile>
    <ClCompile Include="..\Private\Camera.cpp">
      <Filter>02. Objects\Camera</Filter>
    </ClCompile>
    <ClCompile Include="..\Private\Terrain.cpp">
      <Filter>02. Objects\Terrain</Filter>
    </ClCompile>
    <ClCompile Include="..\Private\IMGUI\imgui.cpp">
      <Filter>101. IMGUI\Codes</Filter>
    </ClCompile>
    <ClCompile Include="..\Private\IMGUI\imgui_demo.cpp">
      <Filter>101. IMGUI\Codes</Filter>
    </ClCompile>
    <ClCompile Include="..\Private\IMGUI\imgui_draw.cpp">
      <Filter>101. IMGUI\Codes</Filter>
    </ClCompile>
    <ClCompile Include="..\Private\IMGUI\imgui_impl_dx9.cpp">
      <Filter>101. IMGUI\Codes</Filter>
    </ClCompile>
    <ClCompile Include="..\Private\IMGUI\imgui_impl_win32.cpp">
      <Filter>101. IMGUI\Codes</Filter>
    </ClCompile>
    <ClCompile Include="..\Private\IMGUI\imgui_tables.cpp">
      <Filter>101. IMGUI\Codes</Filter>
    </ClCompile>
    <ClCompile Include="..\Private\IMGUI\imgui_widgets.cpp">
      <Filter>101. IMGUI\Codes</Filter>
    </ClCompile>
    <ClCompile Include="..\Private\Level_GamePlay.cpp">
      <Filter>01. Levels\GamePlay</Filter>
    </ClCompile>
    <ClCompile Include="..\Private\Level_Logo.cpp">
      <Filter>01. Levels\Logo</Filter>
    </ClCompile>
    <ClCompile Include="..\Private\Level_Loading.cpp">
      <Filter>01. Levels\Loading</Filter>
    </ClCompile>
    <ClCompile Include="..\private\AnimationUI.cpp">
      <Filter>04. GmaeUI\TestUI</Filter>
    </ClCompile>
    <ClCompile Include="..\private\UI_MoveAnim.cpp">
      <Filter>04. GmaeUI\TestUI\UIAnimtaion</Filter>
    </ClCompile>
    <ClCompile Include="..\private\Slot.cpp">
      <Filter>대진호</Filter>
    </ClCompile>
    <ClCompile Include="..\private\Inventory.cpp">
      <Filter>대진호</Filter>
    </ClCompile>
    <ClCompile Include="..\private\SlotFrame.cpp">
      <Filter>대진호</Filter>
    </ClCompile>
    <ClCompile Include="..\private\Mouse.cpp">
      <Filter>대진호</Filter>
    </ClCompile>
    <ClCompile Include="..\private\CraftingUI.cpp">
      <Filter>대진호</Filter>
    </ClCompile>
    <ClCompile Include="..\public\Hunger.cpp">
      <Filter>대진호</Filter>
    </ClCompile>
    <ClCompile Include="..\private\Item.cpp">
      <Filter>대진호</Filter>
    </ClCompile>
    <ClCompile Include="..\private\Health.cpp">
      <Filter>대진호</Filter>
    </ClCompile>
    <ClCompile Include="..\private\Sanity.cpp">
      <Filter>대진호</Filter>
    </ClCompile>
    <ClCompile Include="..\private\HeadUpDisplay.cpp">
      <Filter>대진호</Filter>
    </ClCompile>
    <ClCompile Include="..\private\Button.cpp">
      <Filter>대진호</Filter>
    </ClCompile>
    <ClCompile Include="..\Private\Crafting_Button.cpp">
      <Filter>대진호</Filter>
    </ClCompile>
    <ClCompile Include="..\private\Camera_Button.cpp">
      <Filter>대진호</Filter>
    </ClCompile>
    <ClCompile Include="..\private\MiniMap_Button.cpp">
      <Filter>대진호</Filter>
    </ClCompile>
    <ClCompile Include="..\Private\QuickSlot_Button.cpp">
      <Filter>대진호</Filter>
    </ClCompile>
    <ClCompile Include="..\private\Clock.cpp">
      <Filter>대진호</Filter>
    </ClCompile>
    <ClCompile Include="..\private\Item_Info.cpp" />
  </ItemGroup>
</Project>